
Microsoft Visual Studio Solution File, Format Version 12.00
# Visual Studio Version 17
VisualStudioVersion = 17.4.33205.214
MinimumVisualStudioVersion = 10.0.40219.1
Project("{9A19103F-16F7-4668-BE54-9A1E7A4F7556}") = "TeubDev.Moq.AutoMock.HttpClient", "TeubDev.Moq.AutoMock.HttpClient\TeubDev.Moq.AutoMock.HttpClient.csproj", "{9C6EE9CF-D071-4074-ADC9-8D3EFA628B1E}"
EndProject
Project("{FAE04EC0-301F-11D3-BF4B-00C04F79EFBC}") = "TeubDev.Moq.AutoMock.UnitTests", "TeubDev.Moq.AutoMock.UnitTests\TeubDev.Moq.AutoMock.UnitTests.csproj", "{39633555-E027-4661-B495-3EE7C31079E7}"
EndProject
Global
	GlobalSection(SolutionConfigurationPlatforms) = preSolution
		Debug|Any CPU = Debug|Any CPU
		Release|Any CPU = Release|Any CPU
	EndGlobalSection
	GlobalSection(ProjectConfigurationPlatforms) = postSolution
		{9C6EE9CF-D071-4074-ADC9-8D3EFA628B1E}.Debug|Any CPU.ActiveCfg = Debug|Any CPU
		{9C6EE9CF-D071-4074-ADC9-8D3EFA628B1E}.Debug|Any CPU.Build.0 = Debug|Any CPU
		{9C6EE9CF-D071-4074-ADC9-8D3EFA628B1E}.Release|Any CPU.ActiveCfg = Release|Any CPU
		{9C6EE9CF-D071-4074-ADC9-8D3EFA628B1E}.Release|Any CPU.Build.0 = Release|Any CPU
		{39633555-E027-4661-B495-3EE7C31079E7}.Debug|Any CPU.ActiveCfg = Debug|Any CPU
		{39633555-E027-4661-B495-3EE7C31079E7}.Debug|Any CPU.Build.0 = Debug|Any CPU
		{39633555-E027-4661-B495-3EE7C31079E7}.Release|Any CPU.ActiveCfg = Release|Any CPU
		{39633555-E027-4661-B495-3EE7C31079E7}.Release|Any CPU.Build.0 = Release|Any CPU
	EndGlobalSection
	GlobalSection(SolutionProperties) = preSolution
		HideSolutionNode = FALSE
	EndGlobalSection
	GlobalSection(ExtensibilityGlobals) = postSolution
		SolutionGuid = {70949659-B53A-4EBF-A659-408E47E4BBA8}
	EndGlobalSection
EndGlobal
